// !$*UTF8*$!
{
	archiveVersion = 1;
	classes = {
	};
	objectVersion = 77;
	objects = {

/* Begin PBXBuildFile section */
		180721472D44141D00B79B6A /* LikeStatusMonitor.swift in Sources */ = {isa = PBXBuildFile; fileRef = 180721462D44141D00B79B6A /* LikeStatusMonitor.swift */; };
		180721492D44144400B79B6A /* LikedEventsManager.swift in Sources */ = {isa = PBXBuildFile; fileRef = 180721482D44144400B79B6A /* LikedEventsManager.swift */; };
		1807214B2D4415DD00B79B6A /* LikesViewModel.swift in Sources */ = {isa = PBXBuildFile; fileRef = 1807214A2D4415DD00B79B6A /* LikesViewModel.swift */; };
		1807214D2D4415EC00B79B6A /* LikesPageView.swift in Sources */ = {isa = PBXBuildFile; fileRef = 1807214C2D4415EC00B79B6A /* LikesPageView.swift */; };
		180721502D44168F00B79B6A /* EmptyStateView.swift in Sources */ = {isa = PBXBuildFile; fileRef = 1807214F2D44168F00B79B6A /* EmptyStateView.swift */; };
		180721522D4416B400B79B6A /* LikedEventCard.swift in Sources */ = {isa = PBXBuildFile; fileRef = 180721512D4416B400B79B6A /* LikedEventCard.swift */; };
		181C12E72D48E9C7009D27F2 /* MapViewController.swift in Sources */ = {isa = PBXBuildFile; fileRef = 181C12E62D48E9C7009D27F2 /* MapViewController.swift */; };
		181C12E92D48F65A009D27F2 /* MapViewModel.swift in Sources */ = {isa = PBXBuildFile; fileRef = 181C12E82D48F65A009D27F2 /* MapViewModel.swift */; };
		181C12EB2D48F673009D27F2 /* EventAnnotation.swift in Sources */ = {isa = PBXBuildFile; fileRef = 181C12EA2D48F673009D27F2 /* EventAnnotation.swift */; };
		18361F832D33F70B000236B1 /* AppDelegate.swift in Sources */ = {isa = PBXBuildFile; fileRef = 18361F7C2D33F70B000236B1 /* AppDelegate.swift */; };
		18361F842D33F70B000236B1 /* SceneDelegate.swift in Sources */ = {isa = PBXBuildFile; fileRef = 18361F812D33F70B000236B1 /* SceneDelegate.swift */; };
		18361F852D33F70B000236B1 /* Assets.xcassets in Resources */ = {isa = PBXBuildFile; fileRef = 18361F7D2D33F70B000236B1 /* Assets.xcassets */; };
		18361F872D33F70B000236B1 /* LaunchScreen.storyboard in Resources */ = {isa = PBXBuildFile; fileRef = 18361F802D33F70B000236B1 /* LaunchScreen.storyboard */; };
		18361F8F2D33F78D000236B1 /* LanguageManager.swift in Sources */ = {isa = PBXBuildFile; fileRef = 18361F8E2D33F78D000236B1 /* LanguageManager.swift */; };
		18361F912D33F79F000236B1 /* DarkModeManager.swift in Sources */ = {isa = PBXBuildFile; fileRef = 18361F902D33F79F000236B1 /* DarkModeManager.swift */; };
		18361F972D33F800000236B1 /* HomePageViewController.swift in Sources */ = {isa = PBXBuildFile; fileRef = 18361F962D33F800000236B1 /* HomePageViewController.swift */; };
		18361F992D33F80C000236B1 /* HomePageViewModel.swift in Sources */ = {isa = PBXBuildFile; fileRef = 18361F982D33F80C000236B1 /* HomePageViewModel.swift */; };
		18361F9B2D33F82D000236B1 /* SearchView.swift in Sources */ = {isa = PBXBuildFile; fileRef = 18361F9A2D33F82D000236B1 /* SearchView.swift */; };
		18361FA32D33F897000236B1 /* ProfileView.swift in Sources */ = {isa = PBXBuildFile; fileRef = 18361FA22D33F897000236B1 /* ProfileView.swift */; };
		18361FA52D33F8A9000236B1 /* ProfileViewModel.swift in Sources */ = {isa = PBXBuildFile; fileRef = 18361FA42D33F8A9000236B1 /* ProfileViewModel.swift */; };
		18361FA92D33F8EE000236B1 /* EventType.swift in Sources */ = {isa = PBXBuildFile; fileRef = 18361FA82D33F8EE000236B1 /* EventType.swift */; };
		18361FAB2D33F919000236B1 /* ColorExtension.swift in Sources */ = {isa = PBXBuildFile; fileRef = 18361FAA2D33F918000236B1 /* ColorExtension.swift */; };
		18361FAD2D33F9E2000236B1 /* TabBarController.swift in Sources */ = {isa = PBXBuildFile; fileRef = 18361FAC2D33F9E2000236B1 /* TabBarController.swift */; };
		18361FB02D33FAD0000236B1 /* Localizable.strings in Resources */ = {isa = PBXBuildFile; fileRef = 18361FAE2D33FAD0000236B1 /* Localizable.strings */; };
		1837A71D2D41765F005B1785 /* ImageCacheManager.swift in Sources */ = {isa = PBXBuildFile; fileRef = 1837A71C2D41765F005B1785 /* ImageCacheManager.swift */; };
		1837A71F2D417688005B1785 /* DateFormatterManager.swift in Sources */ = {isa = PBXBuildFile; fileRef = 1837A71E2D417688005B1785 /* DateFormatterManager.swift */; };
		1837A7242D4176DA005B1785 /* EventDetailsView.swift in Sources */ = {isa = PBXBuildFile; fileRef = 1837A7232D4176DA005B1785 /* EventDetailsView.swift */; };
		1837A7272D4176F7005B1785 /* InfoCard.swift in Sources */ = {isa = PBXBuildFile; fileRef = 1837A7262D4176F7005B1785 /* InfoCard.swift */; };
		1837A7292D417707005B1785 /* FlowLayout.swift in Sources */ = {isa = PBXBuildFile; fileRef = 1837A7282D417707005B1785 /* FlowLayout.swift */; };
		1837A72D2D41772A005B1785 /* TableViewCell.swift in Sources */ = {isa = PBXBuildFile; fileRef = 1837A72B2D41772A005B1785 /* TableViewCell.swift */; };
		1837A72E2D41772A005B1785 /* CollectionViewCell.swift in Sources */ = {isa = PBXBuildFile; fileRef = 1837A72A2D41772A005B1785 /* CollectionViewCell.swift */; };
		1837A7392D41776A005B1785 /* FilterSheetView.swift in Sources */ = {isa = PBXBuildFile; fileRef = 1837A7372D41776A005B1785 /* FilterSheetView.swift */; };
		1837A73A2D41776A005B1785 /* CompactPriceRow.swift in Sources */ = {isa = PBXBuildFile; fileRef = 1837A7332D41776A005B1785 /* CompactPriceRow.swift */; };
		1837A73B2D41776A005B1785 /* CartSmallView.swift in Sources */ = {isa = PBXBuildFile; fileRef = 1837A7362D41776A005B1785 /* CartSmallView.swift */; };
		1837A73C2D41776A005B1785 /* CompactDetailRow.swift in Sources */ = {isa = PBXBuildFile; fileRef = 1837A7322D41776A005B1785 /* CompactDetailRow.swift */; };
		1837A73D2D41776A005B1785 /* DetailRow.swift in Sources */ = {isa = PBXBuildFile; fileRef = 1837A72F2D41776A005B1785 /* DetailRow.swift */; };
		1837A73E2D41776A005B1785 /* PriceDisplayView.swift in Sources */ = {isa = PBXBuildFile; fileRef = 1837A7302D41776A005B1785 /* PriceDisplayView.swift */; };
		1837A73F2D41776A005B1785 /* CartBigView.swift in Sources */ = {isa = PBXBuildFile; fileRef = 1837A7352D41776A005B1785 /* CartBigView.swift */; };
		1837A7412D417791005B1785 /* SearcPageViewModel.swift in Sources */ = {isa = PBXBuildFile; fileRef = 1837A7402D417791005B1785 /* SearcPageViewModel.swift */; };
		1837A7442D417BF9005B1785 /* mockEvents.json in Resources */ = {isa = PBXBuildFile; fileRef = 1837A7422D417BF9005B1785 /* mockEvents.json */; };
		1837A7462D417D50005B1785 /* FontExtension.swift in Sources */ = {isa = PBXBuildFile; fileRef = 1837A7452D417D50005B1785 /* FontExtension.swift */; };
		1837A7482D417D7F005B1785 /* SmallButtonView.swift in Sources */ = {isa = PBXBuildFile; fileRef = 1837A7472D417D7F005B1785 /* SmallButtonView.swift */; };
		1837A74D2D41804F005B1785 /* SourGummy-Bold.ttf in Resources */ = {isa = PBXBuildFile; fileRef = 1837A74C2D41804F005B1785 /* SourGummy-Bold.ttf */; };
		1837A74F2D418063005B1785 /* SourGummy-ThinItalic.ttf in Resources */ = {isa = PBXBuildFile; fileRef = 1837A74E2D418063005B1785 /* SourGummy-ThinItalic.ttf */; };
		1837A7512D418089005B1785 /* SourGummy-Light.ttf in Resources */ = {isa = PBXBuildFile; fileRef = 1837A7502D418089005B1785 /* SourGummy-Light.ttf */; };
		1837A7532D4181AD005B1785 /* SourGummy.ttf in Resources */ = {isa = PBXBuildFile; fileRef = 1837A7522D4181AC005B1785 /* SourGummy.ttf */; };
		1837A7562D4186F1005B1785 /* ContactUsViewController.swift in Sources */ = {isa = PBXBuildFile; fileRef = 1837A7552D4186F1005B1785 /* ContactUsViewController.swift */; };
		1837A7582D4186FF005B1785 /* PrivacyPolicyViewController.swift in Sources */ = {isa = PBXBuildFile; fileRef = 1837A7572D4186FF005B1785 /* PrivacyPolicyViewController.swift */; };
		1837A75A2D418715005B1785 /* TermsAndConditionsViewController.swift in Sources */ = {isa = PBXBuildFile; fileRef = 1837A7592D418715005B1785 /* TermsAndConditionsViewController.swift */; };
		1837A75C2D418733005B1785 /* ContactUsViewControllerRepresentable.swift in Sources */ = {isa = PBXBuildFile; fileRef = 1837A75B2D418733005B1785 /* ContactUsViewControllerRepresentable.swift */; };
		1837A75E2D418B10005B1785 /* EditProfileView.swift in Sources */ = {isa = PBXBuildFile; fileRef = 1837A75D2D418B10005B1785 /* EditProfileView.swift */; };
		185820632D46340700F1DF27 /* HomePageNetworkErrorViewController.swift in Sources */ = {isa = PBXBuildFile; fileRef = 185820622D46340700F1DF27 /* HomePageNetworkErrorViewController.swift */; };
		185820652D46342100F1DF27 /* MainViewController.swift in Sources */ = {isa = PBXBuildFile; fileRef = 185820642D46342100F1DF27 /* MainViewController.swift */; };
		185820682D4643AF00F1DF27 /* QRCodeManager.swift in Sources */ = {isa = PBXBuildFile; fileRef = 185820672D4643AF00F1DF27 /* QRCodeManager.swift */; };
		1858206D2D464E2100F1DF27 /* QRCodeView.swift in Sources */ = {isa = PBXBuildFile; fileRef = 1858206C2D464E2100F1DF27 /* QRCodeView.swift */; };
		1858206F2D46527300F1DF27 /* QRCodeViewModel.swift in Sources */ = {isa = PBXBuildFile; fileRef = 1858206E2D46527300F1DF27 /* QRCodeViewModel.swift */; };
		185820712D465E9600F1DF27 /* TicketsViewController.swift in Sources */ = {isa = PBXBuildFile; fileRef = 185820702D465E9600F1DF27 /* TicketsViewController.swift */; };
		185820752D465ED300F1DF27 /* TicketCell.swift in Sources */ = {isa = PBXBuildFile; fileRef = 185820742D465ED300F1DF27 /* TicketCell.swift */; };
		185820772D465FD000F1DF27 /* TicketsViewControllerRepresentable.swift in Sources */ = {isa = PBXBuildFile; fileRef = 185820762D465FD000F1DF27 /* TicketsViewControllerRepresentable.swift */; };
		185820792D4660F100F1DF27 /* TicketsViewModel.swift in Sources */ = {isa = PBXBuildFile; fileRef = 185820782D4660F100F1DF27 /* TicketsViewModel.swift */; };
		1858207B2D467EDD00F1DF27 /* EventDetailsViewModel.swift in Sources */ = {isa = PBXBuildFile; fileRef = 1858207A2D467EDD00F1DF27 /* EventDetailsViewModel.swift */; };
		1858207F2D4797F100F1DF27 /* LikedEventCardViewModel.swift in Sources */ = {isa = PBXBuildFile; fileRef = 1858207E2D4797F100F1DF27 /* LikedEventCardViewModel.swift */; };
		185820812D47981900F1DF27 /* PriceView.swift in Sources */ = {isa = PBXBuildFile; fileRef = 185820802D47981900F1DF27 /* PriceView.swift */; };
		18596D842D4D171A00D37FD1 /* SearchPageLocalFilters.swift in Sources */ = {isa = PBXBuildFile; fileRef = 18596D832D4D171A00D37FD1 /* SearchPageLocalFilters.swift */; };
		188FFC6F2D4261370074A23B /* AuthenticationManager.swift in Sources */ = {isa = PBXBuildFile; fileRef = 188FFC6E2D4261370074A23B /* AuthenticationManager.swift */; };
		188FFC722D4261A80074A23B /* FirebaseAuth in Frameworks */ = {isa = PBXBuildFile; productRef = 188FFC712D4261A80074A23B /* FirebaseAuth */; };
		188FFC742D4261A80074A23B /* FirebaseCore in Frameworks */ = {isa = PBXBuildFile; productRef = 188FFC732D4261A80074A23B /* FirebaseCore */; };
		188FFC762D4261A80074A23B /* FirebaseDatabase in Frameworks */ = {isa = PBXBuildFile; productRef = 188FFC752D4261A80074A23B /* FirebaseDatabase */; };
		188FFC782D4261A80074A23B /* FirebaseFirestore in Frameworks */ = {isa = PBXBuildFile; productRef = 188FFC772D4261A80074A23B /* FirebaseFirestore */; };
		188FFC7A2D4261A80074A23B /* FirebaseFirestoreCombine-Community in Frameworks */ = {isa = PBXBuildFile; productRef = 188FFC792D4261A80074A23B /* FirebaseFirestoreCombine-Community */; };
		188FFC7C2D4261A80074A23B /* FirebaseStorage in Frameworks */ = {isa = PBXBuildFile; productRef = 188FFC7B2D4261A80074A23B /* FirebaseStorage */; };
		188FFC7E2D4261A80074A23B /* FirebaseStorageCombine-Community in Frameworks */ = {isa = PBXBuildFile; productRef = 188FFC7D2D4261A80074A23B /* FirebaseStorageCombine-Community */; };
		188FFC802D426CC30074A23B /* AuthDataResultModel.swift in Sources */ = {isa = PBXBuildFile; fileRef = 188FFC7F2D426CC30074A23B /* AuthDataResultModel.swift */; };
		188FFC822D426CFF0074A23B /* UserModel.swift in Sources */ = {isa = PBXBuildFile; fileRef = 188FFC812D426CFF0074A23B /* UserModel.swift */; };
		188FFC872D426DE40074A23B /* LoginView.swift in Sources */ = {isa = PBXBuildFile; fileRef = 188FFC862D426DE40074A23B /* LoginView.swift */; };
		188FFC892D426DF30074A23B /* LoginViewModel.swift in Sources */ = {isa = PBXBuildFile; fileRef = 188FFC882D426DF30074A23B /* LoginViewModel.swift */; };
		188FFC8C2D426E270074A23B /* SignupView.swift in Sources */ = {isa = PBXBuildFile; fileRef = 188FFC8B2D426E270074A23B /* SignupView.swift */; };
		188FFC8E2D426E460074A23B /* SignupViewModel.swift in Sources */ = {isa = PBXBuildFile; fileRef = 188FFC8D2D426E460074A23B /* SignupViewModel.swift */; };
		188FFC912D426E9B0074A23B /* InputView.swift in Sources */ = {isa = PBXBuildFile; fileRef = 188FFC902D426E9B0074A23B /* InputView.swift */; };
		188FFC932D426EA90074A23B /* ToastView.swift in Sources */ = {isa = PBXBuildFile; fileRef = 188FFC922D426EA90074A23B /* ToastView.swift */; };
		188FFC952D426F060074A23B /* UserManager.swift in Sources */ = {isa = PBXBuildFile; fileRef = 188FFC942D426F060074A23B /* UserManager.swift */; };
		188FFCDE2D4270090074A23B /* Utilities.swift in Sources */ = {isa = PBXBuildFile; fileRef = 188FFCDD2D4270090074A23B /* Utilities.swift */; };
		188FFCE02D4272BC0074A23B /* UserDefaultsManager.swift in Sources */ = {isa = PBXBuildFile; fileRef = 188FFCDF2D4272BC0074A23B /* UserDefaultsManager.swift */; };
		188FFCE22D4277180074A23B /* TextUIModifier.swift in Sources */ = {isa = PBXBuildFile; fileRef = 188FFCE12D4277180074A23B /* TextUIModifier.swift */; };
		188FFCE42D4277650074A23B /* ButtonModifier.swift in Sources */ = {isa = PBXBuildFile; fileRef = 188FFCE32D4277650074A23B /* ButtonModifier.swift */; };
		188FFCE92D428E970074A23B /* GoogleSignIn in Frameworks */ = {isa = PBXBuildFile; productRef = 188FFCE82D428E970074A23B /* GoogleSignIn */; };
		188FFCEB2D428E970074A23B /* GoogleSignInSwift in Frameworks */ = {isa = PBXBuildFile; productRef = 188FFCEA2D428E970074A23B /* GoogleSignInSwift */; };
		188FFCEF2D42A2360074A23B /* GoogleService-Info.plist in Resources */ = {isa = PBXBuildFile; fileRef = 188FFCEE2D42A2360074A23B /* GoogleService-Info.plist */; };
		188FFCF22D42B2B40074A23B /* EditProfileViewModel.swift in Sources */ = {isa = PBXBuildFile; fileRef = 188FFCF12D42B2B40074A23B /* EditProfileViewModel.swift */; };
		189121122D482836002D41BB /* CartViewModel.swift in Sources */ = {isa = PBXBuildFile; fileRef = 189121112D482836002D41BB /* CartViewModel.swift */; };
		189959A82D4AF58E00A8FE1A /* ImagePicker.swift in Sources */ = {isa = PBXBuildFile; fileRef = 189959A72D4AF58E00A8FE1A /* ImagePicker.swift */; };
		18FA2ED62D4A469900522C5F /* FirebaseEventsRepository.swift in Sources */ = {isa = PBXBuildFile; fileRef = 18FA2ED42D4A469900522C5F /* FirebaseEventsRepository.swift */; };
		18FA2ED82D4A46E900522C5F /* NetworkMonitor.swift in Sources */ = {isa = PBXBuildFile; fileRef = 18FA2ED72D4A46E900522C5F /* NetworkMonitor.swift */; };
		18FA2EDC2D4A484100522C5F /* ImageLoadable.swift in Sources */ = {isa = PBXBuildFile; fileRef = 18FA2EDA2D4A484100522C5F /* ImageLoadable.swift */; };
		18FA2EDD2D4A484100522C5F /* EventFormatter.swift in Sources */ = {isa = PBXBuildFile; fileRef = 18FA2ED92D4A484100522C5F /* EventFormatter.swift */; };
/* End PBXBuildFile section */

/* Begin PBXContainerItemProxy section */
		18FA2F502D4A714800522C5F /* PBXContainerItemProxy */ = {
			isa = PBXContainerItemProxy;
			containerPortal = 18361F5C2D33F6D8000236B1 /* Project object */;
			proxyType = 1;
			remoteGlobalIDString = 18361F632D33F6D8000236B1;
			remoteInfo = FinalProject;
		};
		18FA2F7C2D4A864800522C5F /* PBXContainerItemProxy */ = {
			isa = PBXContainerItemProxy;
			containerPortal = 18361F5C2D33F6D8000236B1 /* Project object */;
			proxyType = 1;
			remoteGlobalIDString = 18361F632D33F6D8000236B1;
			remoteInfo = FinalProject;
		};
/* End PBXContainerItemProxy section */

/* Begin PBXFileReference section */
		180721462D44141D00B79B6A /* LikeStatusMonitor.swift */ = {isa = PBXFileReference; lastKnownFileType = sourcecode.swift; path = LikeStatusMonitor.swift; sourceTree = "<group>"; };
		180721482D44144400B79B6A /* LikedEventsManager.swift */ = {isa = PBXFileReference; lastKnownFileType = sourcecode.swift; path = LikedEventsManager.swift; sourceTree = "<group>"; };
		1807214A2D4415DD00B79B6A /* LikesViewModel.swift */ = {isa = PBXFileReference; lastKnownFileType = sourcecode.swift; path = LikesViewModel.swift; sourceTree = "<group>"; };
		1807214C2D4415EC00B79B6A /* LikesPageView.swift */ = {isa = PBXFileReference; lastKnownFileType = sourcecode.swift; path = LikesPageView.swift; sourceTree = "<group>"; };
		1807214F2D44168F00B79B6A /* EmptyStateView.swift */ = {isa = PBXFileReference; lastKnownFileType = sourcecode.swift; path = EmptyStateView.swift; sourceTree = "<group>"; };
		180721512D4416B400B79B6A /* LikedEventCard.swift */ = {isa = PBXFileReference; lastKnownFileType = sourcecode.swift; path = LikedEventCard.swift; sourceTree = "<group>"; };
		181C12E62D48E9C7009D27F2 /* MapViewController.swift */ = {isa = PBXFileReference; lastKnownFileType = sourcecode.swift; path = MapViewController.swift; sourceTree = "<group>"; };
		181C12E82D48F65A009D27F2 /* MapViewModel.swift */ = {isa = PBXFileReference; lastKnownFileType = sourcecode.swift; path = MapViewModel.swift; sourceTree = "<group>"; };
		181C12EA2D48F673009D27F2 /* EventAnnotation.swift */ = {isa = PBXFileReference; lastKnownFileType = sourcecode.swift; path = EventAnnotation.swift; sourceTree = "<group>"; };
		18361F7C2D33F70B000236B1 /* AppDelegate.swift */ = {isa = PBXFileReference; lastKnownFileType = sourcecode.swift; path = AppDelegate.swift; sourceTree = "<group>"; };
		18361F7D2D33F70B000236B1 /* Assets.xcassets */ = {isa = PBXFileReference; lastKnownFileType = folder.assetcatalog; path = Assets.xcassets; sourceTree = "<group>"; };
		18361F7E2D33F70B000236B1 /* Info.plist */ = {isa = PBXFileReference; lastKnownFileType = text.plist.xml; path = Info.plist; sourceTree = "<group>"; };
		18361F7F2D33F70B000236B1 /* Base */ = {isa = PBXFileReference; lastKnownFileType = file.storyboard; name = Base; path = Base.lproj/LaunchScreen.storyboard; sourceTree = "<group>"; };
		18361F812D33F70B000236B1 /* SceneDelegate.swift */ = {isa = PBXFileReference; lastKnownFileType = sourcecode.swift; path = SceneDelegate.swift; sourceTree = "<group>"; };
		18361F8E2D33F78D000236B1 /* LanguageManager.swift */ = {isa = PBXFileReference; lastKnownFileType = sourcecode.swift; path = LanguageManager.swift; sourceTree = "<group>"; };
		18361F902D33F79F000236B1 /* DarkModeManager.swift */ = {isa = PBXFileReference; lastKnownFileType = sourcecode.swift; path = DarkModeManager.swift; sourceTree = "<group>"; };
		18361F962D33F800000236B1 /* HomePageViewController.swift */ = {isa = PBXFileReference; lastKnownFileType = sourcecode.swift; path = HomePageViewController.swift; sourceTree = "<group>"; };
		18361F982D33F80C000236B1 /* HomePageViewModel.swift */ = {isa = PBXFileReference; lastKnownFileType = sourcecode.swift; path = HomePageViewModel.swift; sourceTree = "<group>"; };
		18361F9A2D33F82D000236B1 /* SearchView.swift */ = {isa = PBXFileReference; lastKnownFileType = sourcecode.swift; path = SearchView.swift; sourceTree = "<group>"; };
		18361FA22D33F897000236B1 /* ProfileView.swift */ = {isa = PBXFileReference; lastKnownFileType = sourcecode.swift; path = ProfileView.swift; sourceTree = "<group>"; };
		18361FA42D33F8A9000236B1 /* ProfileViewModel.swift */ = {isa = PBXFileReference; lastKnownFileType = sourcecode.swift; path = ProfileViewModel.swift; sourceTree = "<group>"; };
		18361FA82D33F8EE000236B1 /* EventType.swift */ = {isa = PBXFileReference; lastKnownFileType = sourcecode.swift; path = EventType.swift; sourceTree = "<group>"; };
		18361FAA2D33F918000236B1 /* ColorExtension.swift */ = {isa = PBXFileReference; lastKnownFileType = sourcecode.swift; path = ColorExtension.swift; sourceTree = "<group>"; };
		18361FAC2D33F9E2000236B1 /* TabBarController.swift */ = {isa = PBXFileReference; lastKnownFileType = sourcecode.swift; path = TabBarController.swift; sourceTree = "<group>"; };
		18361FAF2D33FAD0000236B1 /* en */ = {isa = PBXFileReference; lastKnownFileType = text.plist.strings; name = en; path = en.lproj/Localizable.strings; sourceTree = "<group>"; };
		18361FB12D33FAF7000236B1 /* ka */ = {isa = PBXFileReference; lastKnownFileType = text.plist.strings; name = ka; path = ka.lproj/LaunchScreen.strings; sourceTree = "<group>"; };
		18361FB22D33FAF7000236B1 /* ka */ = {isa = PBXFileReference; lastKnownFileType = text.plist.strings; name = ka; path = ka.lproj/Localizable.strings; sourceTree = "<group>"; };
		1837A71C2D41765F005B1785 /* ImageCacheManager.swift */ = {isa = PBXFileReference; lastKnownFileType = sourcecode.swift; path = ImageCacheManager.swift; sourceTree = "<group>"; };
		1837A71E2D417688005B1785 /* DateFormatterManager.swift */ = {isa = PBXFileReference; lastKnownFileType = sourcecode.swift; path = DateFormatterManager.swift; sourceTree = "<group>"; };
		1837A7232D4176DA005B1785 /* EventDetailsView.swift */ = {isa = PBXFileReference; lastKnownFileType = sourcecode.swift; path = EventDetailsView.swift; sourceTree = "<group>"; };
		1837A7262D4176F7005B1785 /* InfoCard.swift */ = {isa = PBXFileReference; lastKnownFileType = sourcecode.swift; path = InfoCard.swift; sourceTree = "<group>"; };
		1837A7282D417707005B1785 /* FlowLayout.swift */ = {isa = PBXFileReference; lastKnownFileType = sourcecode.swift; path = FlowLayout.swift; sourceTree = "<group>"; };
		1837A72A2D41772A005B1785 /* CollectionViewCell.swift */ = {isa = PBXFileReference; lastKnownFileType = sourcecode.swift; path = CollectionViewCell.swift; sourceTree = "<group>"; };
		1837A72B2D41772A005B1785 /* TableViewCell.swift */ = {isa = PBXFileReference; lastKnownFileType = sourcecode.swift; path = TableViewCell.swift; sourceTree = "<group>"; };
		1837A72F2D41776A005B1785 /* DetailRow.swift */ = {isa = PBXFileReference; lastKnownFileType = sourcecode.swift; path = DetailRow.swift; sourceTree = "<group>"; };
		1837A7302D41776A005B1785 /* PriceDisplayView.swift */ = {isa = PBXFileReference; lastKnownFileType = sourcecode.swift; path = PriceDisplayView.swift; sourceTree = "<group>"; };
		1837A7322D41776A005B1785 /* CompactDetailRow.swift */ = {isa = PBXFileReference; lastKnownFileType = sourcecode.swift; path = CompactDetailRow.swift; sourceTree = "<group>"; };
		1837A7332D41776A005B1785 /* CompactPriceRow.swift */ = {isa = PBXFileReference; lastKnownFileType = sourcecode.swift; path = CompactPriceRow.swift; sourceTree = "<group>"; };
		1837A7352D41776A005B1785 /* CartBigView.swift */ = {isa = PBXFileReference; lastKnownFileType = sourcecode.swift; path = CartBigView.swift; sourceTree = "<group>"; };
		1837A7362D41776A005B1785 /* CartSmallView.swift */ = {isa = PBXFileReference; lastKnownFileType = sourcecode.swift; path = CartSmallView.swift; sourceTree = "<group>"; };
		1837A7372D41776A005B1785 /* FilterSheetView.swift */ = {isa = PBXFileReference; lastKnownFileType = sourcecode.swift; path = FilterSheetView.swift; sourceTree = "<group>"; };
		1837A7402D417791005B1785 /* SearcPageViewModel.swift */ = {isa = PBXFileReference; lastKnownFileType = sourcecode.swift; path = SearcPageViewModel.swift; sourceTree = "<group>"; };
		1837A7432D417BF9005B1785 /* en */ = {isa = PBXFileReference; lastKnownFileType = text.json; name = en; path = en.lproj/mockEvents.json; sourceTree = "<group>"; };
		1837A7452D417D50005B1785 /* FontExtension.swift */ = {isa = PBXFileReference; lastKnownFileType = sourcecode.swift; path = FontExtension.swift; sourceTree = "<group>"; };
		1837A7472D417D7F005B1785 /* SmallButtonView.swift */ = {isa = PBXFileReference; lastKnownFileType = sourcecode.swift; path = SmallButtonView.swift; sourceTree = "<group>"; };
		1837A74C2D41804F005B1785 /* SourGummy-Bold.ttf */ = {isa = PBXFileReference; lastKnownFileType = file; path = "SourGummy-Bold.ttf"; sourceTree = "<group>"; };
		1837A74E2D418063005B1785 /* SourGummy-ThinItalic.ttf */ = {isa = PBXFileReference; lastKnownFileType = file; path = "SourGummy-ThinItalic.ttf"; sourceTree = "<group>"; };
		1837A7502D418089005B1785 /* SourGummy-Light.ttf */ = {isa = PBXFileReference; lastKnownFileType = file; path = "SourGummy-Light.ttf"; sourceTree = "<group>"; };
		1837A7522D4181AC005B1785 /* SourGummy.ttf */ = {isa = PBXFileReference; lastKnownFileType = file; path = SourGummy.ttf; sourceTree = "<group>"; };
		1837A7552D4186F1005B1785 /* ContactUsViewController.swift */ = {isa = PBXFileReference; lastKnownFileType = sourcecode.swift; path = ContactUsViewController.swift; sourceTree = "<group>"; };
		1837A7572D4186FF005B1785 /* PrivacyPolicyViewController.swift */ = {isa = PBXFileReference; lastKnownFileType = sourcecode.swift; path = PrivacyPolicyViewController.swift; sourceTree = "<group>"; };
		1837A7592D418715005B1785 /* TermsAndConditionsViewController.swift */ = {isa = PBXFileReference; lastKnownFileType = sourcecode.swift; path = TermsAndConditionsViewController.swift; sourceTree = "<group>"; };
		1837A75B2D418733005B1785 /* ContactUsViewControllerRepresentable.swift */ = {isa = PBXFileReference; lastKnownFileType = sourcecode.swift; path = ContactUsViewControllerRepresentable.swift; sourceTree = "<group>"; };
		1837A75D2D418B10005B1785 /* EditProfileView.swift */ = {isa = PBXFileReference; lastKnownFileType = sourcecode.swift; path = EditProfileView.swift; sourceTree = "<group>"; };
		1837A7632D41A276005B1785 /* FinalProject.app */ = {isa = PBXFileReference; explicitFileType = wrapper.application; includeInIndex = 0; path = FinalProject.app; sourceTree = BUILT_PRODUCTS_DIR; };
		185820622D46340700F1DF27 /* HomePageNetworkErrorViewController.swift */ = {isa = PBXFileReference; lastKnownFileType = sourcecode.swift; path = HomePageNetworkErrorViewController.swift; sourceTree = "<group>"; };
		185820642D46342100F1DF27 /* MainViewController.swift */ = {isa = PBXFileReference; lastKnownFileType = sourcecode.swift; path = MainViewController.swift; sourceTree = "<group>"; };
		185820672D4643AF00F1DF27 /* QRCodeManager.swift */ = {isa = PBXFileReference; lastKnownFileType = sourcecode.swift; path = QRCodeManager.swift; sourceTree = "<group>"; };
		1858206C2D464E2100F1DF27 /* QRCodeView.swift */ = {isa = PBXFileReference; lastKnownFileType = sourcecode.swift; path = QRCodeView.swift; sourceTree = "<group>"; };
		1858206E2D46527300F1DF27 /* QRCodeViewModel.swift */ = {isa = PBXFileReference; lastKnownFileType = sourcecode.swift; path = QRCodeViewModel.swift; sourceTree = "<group>"; };
		185820702D465E9600F1DF27 /* TicketsViewController.swift */ = {isa = PBXFileReference; lastKnownFileType = sourcecode.swift; path = TicketsViewController.swift; sourceTree = "<group>"; };
		185820742D465ED300F1DF27 /* TicketCell.swift */ = {isa = PBXFileReference; lastKnownFileType = sourcecode.swift; path = TicketCell.swift; sourceTree = "<group>"; };
		185820762D465FD000F1DF27 /* TicketsViewControllerRepresentable.swift */ = {isa = PBXFileReference; lastKnownFileType = sourcecode.swift; path = TicketsViewControllerRepresentable.swift; sourceTree = "<group>"; };
		185820782D4660F100F1DF27 /* TicketsViewModel.swift */ = {isa = PBXFileReference; lastKnownFileType = sourcecode.swift; path = TicketsViewModel.swift; sourceTree = "<group>"; };
		1858207A2D467EDD00F1DF27 /* EventDetailsViewModel.swift */ = {isa = PBXFileReference; lastKnownFileType = sourcecode.swift; path = EventDetailsViewModel.swift; sourceTree = "<group>"; };
		1858207E2D4797F100F1DF27 /* LikedEventCardViewModel.swift */ = {isa = PBXFileReference; lastKnownFileType = sourcecode.swift; path = LikedEventCardViewModel.swift; sourceTree = "<group>"; };
		185820802D47981900F1DF27 /* PriceView.swift */ = {isa = PBXFileReference; lastKnownFileType = sourcecode.swift; path = PriceView.swift; sourceTree = "<group>"; };
		18596D6E2D4D0D3100D37FD1 /* FinalProjectUITests.xctest */ = {isa = PBXFileReference; explicitFileType = wrapper.cfbundle; includeInIndex = 0; path = FinalProjectUITests.xctest; sourceTree = BUILT_PRODUCTS_DIR; };
		18596D832D4D171A00D37FD1 /* SearchPageLocalFilters.swift */ = {isa = PBXFileReference; lastKnownFileType = sourcecode.swift; path = SearchPageLocalFilters.swift; sourceTree = "<group>"; };
		188FFC6E2D4261370074A23B /* AuthenticationManager.swift */ = {isa = PBXFileReference; lastKnownFileType = sourcecode.swift; path = AuthenticationManager.swift; sourceTree = "<group>"; };
		188FFC7F2D426CC30074A23B /* AuthDataResultModel.swift */ = {isa = PBXFileReference; lastKnownFileType = sourcecode.swift; path = AuthDataResultModel.swift; sourceTree = "<group>"; };
		188FFC812D426CFF0074A23B /* UserModel.swift */ = {isa = PBXFileReference; lastKnownFileType = sourcecode.swift; path = UserModel.swift; sourceTree = "<group>"; };
		188FFC862D426DE40074A23B /* LoginView.swift */ = {isa = PBXFileReference; lastKnownFileType = sourcecode.swift; path = LoginView.swift; sourceTree = "<group>"; };
		188FFC882D426DF30074A23B /* LoginViewModel.swift */ = {isa = PBXFileReference; lastKnownFileType = sourcecode.swift; path = LoginViewModel.swift; sourceTree = "<group>"; };
		188FFC8B2D426E270074A23B /* SignupView.swift */ = {isa = PBXFileReference; lastKnownFileType = sourcecode.swift; path = SignupView.swift; sourceTree = "<group>"; };
		188FFC8D2D426E460074A23B /* SignupViewModel.swift */ = {isa = PBXFileReference; lastKnownFileType = sourcecode.swift; path = SignupViewModel.swift; sourceTree = "<group>"; };
		188FFC902D426E9B0074A23B /* InputView.swift */ = {isa = PBXFileReference; lastKnownFileType = sourcecode.swift; path = InputView.swift; sourceTree = "<group>"; };
		188FFC922D426EA90074A23B /* ToastView.swift */ = {isa = PBXFileReference; lastKnownFileType = sourcecode.swift; path = ToastView.swift; sourceTree = "<group>"; };
		188FFC942D426F060074A23B /* UserManager.swift */ = {isa = PBXFileReference; lastKnownFileType = sourcecode.swift; path = UserManager.swift; sourceTree = "<group>"; };
		188FFCDD2D4270090074A23B /* Utilities.swift */ = {isa = PBXFileReference; lastKnownFileType = sourcecode.swift; path = Utilities.swift; sourceTree = "<group>"; };
		188FFCDF2D4272BC0074A23B /* UserDefaultsManager.swift */ = {isa = PBXFileReference; lastKnownFileType = sourcecode.swift; path = UserDefaultsManager.swift; sourceTree = "<group>"; };
		188FFCE12D4277180074A23B /* TextUIModifier.swift */ = {isa = PBXFileReference; lastKnownFileType = sourcecode.swift; path = TextUIModifier.swift; sourceTree = "<group>"; };
		188FFCE32D4277650074A23B /* ButtonModifier.swift */ = {isa = PBXFileReference; lastKnownFileType = sourcecode.swift; path = ButtonModifier.swift; sourceTree = "<group>"; };
		188FFCEE2D42A2360074A23B /* GoogleService-Info.plist */ = {isa = PBXFileReference; lastKnownFileType = text.plist.xml; path = "GoogleService-Info.plist"; sourceTree = "<group>"; };
		188FFCF12D42B2B40074A23B /* EditProfileViewModel.swift */ = {isa = PBXFileReference; lastKnownFileType = sourcecode.swift; path = EditProfileViewModel.swift; sourceTree = "<group>"; };
		189121112D482836002D41BB /* CartViewModel.swift */ = {isa = PBXFileReference; lastKnownFileType = sourcecode.swift; path = CartViewModel.swift; sourceTree = "<group>"; };
		189959A72D4AF58E00A8FE1A /* ImagePicker.swift */ = {isa = PBXFileReference; lastKnownFileType = sourcecode.swift; path = ImagePicker.swift; sourceTree = "<group>"; };
		189959EE2D4BA49B00A8FE1A /* uk */ = {isa = PBXFileReference; lastKnownFileType = text.plist.strings; name = uk; path = uk.lproj/Localizable.strings; sourceTree = "<group>"; };
		189959EF2D4BA5B400A8FE1A /* de */ = {isa = PBXFileReference; lastKnownFileType = text.plist.strings; name = de; path = de.lproj/Localizable.strings; sourceTree = "<group>"; };
		189959F02D4BA60100A8FE1A /* zh-HK */ = {isa = PBXFileReference; lastKnownFileType = text.plist.strings; name = "zh-HK"; path = "zh-HK.lproj/Localizable.strings"; sourceTree = "<group>"; };
		18FA2ED42D4A469900522C5F /* FirebaseEventsRepository.swift */ = {isa = PBXFileReference; lastKnownFileType = sourcecode.swift; path = FirebaseEventsRepository.swift; sourceTree = "<group>"; };
		18FA2ED72D4A46E900522C5F /* NetworkMonitor.swift */ = {isa = PBXFileReference; lastKnownFileType = sourcecode.swift; path = NetworkMonitor.swift; sourceTree = "<group>"; };
		18FA2ED92D4A484100522C5F /* EventFormatter.swift */ = {isa = PBXFileReference; lastKnownFileType = sourcecode.swift; path = EventFormatter.swift; sourceTree = "<group>"; };
		18FA2EDA2D4A484100522C5F /* ImageLoadable.swift */ = {isa = PBXFileReference; lastKnownFileType = sourcecode.swift; path = ImageLoadable.swift; sourceTree = "<group>"; };
		18FA2F4C2D4A714800522C5F /* FinalProjectXCTests.xctest */ = {isa = PBXFileReference; explicitFileType = wrapper.cfbundle; includeInIndex = 0; path = FinalProjectXCTests.xctest; sourceTree = BUILT_PRODUCTS_DIR; };
/* End PBXFileReference section */

/* Begin PBXFileSystemSynchronizedRootGroup section */
		18FA2F4D2D4A714800522C5F /* FinalProjectXCTests */ = {
			isa = PBXFileSystemSynchronizedRootGroup;
			path = FinalProjectXCTests;
			sourceTree = "<group>";
		};
/* End PBXFileSystemSynchronizedRootGroup section */

/* Begin PBXFrameworksBuildPhase section */
		18361F612D33F6D8000236B1 /* Frameworks */ = {
			isa = PBXFrameworksBuildPhase;
			buildActionMask = 2147483647;
			files = (
				188FFCEB2D428E970074A23B /* GoogleSignInSwift in Frameworks */,
				188FFC762D4261A80074A23B /* FirebaseDatabase in Frameworks */,
				188FFCE92D428E970074A23B /* GoogleSignIn in Frameworks */,
				188FFC7E2D4261A80074A23B /* FirebaseStorageCombine-Community in Frameworks */,
				188FFC782D4261A80074A23B /* FirebaseFirestore in Frameworks */,
				188FFC742D4261A80074A23B /* FirebaseCore in Frameworks */,
				188FFC7A2D4261A80074A23B /* FirebaseFirestoreCombine-Community in Frameworks */,
				188FFC722D4261A80074A23B /* FirebaseAuth in Frameworks */,
				188FFC7C2D4261A80074A23B /* FirebaseStorage in Frameworks */,
			);
			runOnlyForDeploymentPostprocessing = 0;
		};
		18FA2F492D4A714800522C5F /* Frameworks */ = {
			isa = PBXFrameworksBuildPhase;
			buildActionMask = 2147483647;
			files = (
			);
			runOnlyForDeploymentPostprocessing = 0;
		};
		18FA2F732D4A864800522C5F /* Frameworks */ = {
			isa = PBXFrameworksBuildPhase;
			buildActionMask = 2147483647;
			files = (
			);
			runOnlyForDeploymentPostprocessing = 0;
		};
/* End PBXFrameworksBuildPhase section */

/* Begin PBXGroup section */
		1807214E2D44167000B79B6A /* Components */ = {
			isa = PBXGroup;
			children = (
				185820802D47981900F1DF27 /* PriceView.swift */,
				1858207E2D4797F100F1DF27 /* LikedEventCardViewModel.swift */,
				1807214F2D44168F00B79B6A /* EmptyStateView.swift */,
				180721512D4416B400B79B6A /* LikedEventCard.swift */,
			);
			path = Components;
			sourceTree = "<group>";
		};
		181C12E52D48E9C0009D27F2 /* MapPage */ = {
			isa = PBXGroup;
			children = (
				181C12EA2D48F673009D27F2 /* EventAnnotation.swift */,
				181C12E82D48F65A009D27F2 /* MapViewModel.swift */,
				181C12E62D48E9C7009D27F2 /* MapViewController.swift */,
			);
			path = MapPage;
			sourceTree = "<group>";
		};
		18361F5B2D33F6D8000236B1 = {
			isa = PBXGroup;
			children = (
				18361F822D33F70B000236B1 /* FinalProject */,
				1837A7632D41A276005B1785 /* FinalProject.app */,
				18FA2F4C2D4A714800522C5F /* FinalProjectXCTests.xctest */,
				18FA2F4D2D4A714800522C5F /* FinalProjectXCTests */,
				18596D6E2D4D0D3100D37FD1 /* FinalProjectUITests.xctest */,
			);
			sourceTree = "<group>";
		};
		18361F822D33F70B000236B1 /* FinalProject */ = {
			isa = PBXGroup;
			children = (
				18361F882D33F714000236B1 /* App */,
				18361F892D33F732000236B1 /* Managers */,
				18361F8D2D33F75D000236B1 /* Root */,
				18361F8C2D33F753000236B1 /* Models */,
				18361F8B2D33F748000236B1 /* Resources */,
				18361F8A2D33F73E000236B1 /* Utilities */,
				18361F7E2D33F70B000236B1 /* Info.plist */,
				188FFCEE2D42A2360074A23B /* GoogleService-Info.plist */,
			);
			path = FinalProject;
			sourceTree = "<group>";
		};
		18361F882D33F714000236B1 /* App */ = {
			isa = PBXGroup;
			children = (
				18361F7C2D33F70B000236B1 /* AppDelegate.swift */,
				18361F812D33F70B000236B1 /* SceneDelegate.swift */,
				18361FAC2D33F9E2000236B1 /* TabBarController.swift */,
			);
			path = App;
			sourceTree = "<group>";
		};
		18361F892D33F732000236B1 /* Managers */ = {
			isa = PBXGroup;
			children = (
				18FA2ED72D4A46E900522C5F /* NetworkMonitor.swift */,
				185820672D4643AF00F1DF27 /* QRCodeManager.swift */,
				188FFCDF2D4272BC0074A23B /* UserDefaultsManager.swift */,
				188FFC942D426F060074A23B /* UserManager.swift */,
				188FFC6E2D4261370074A23B /* AuthenticationManager.swift */,
				1837A71E2D417688005B1785 /* DateFormatterManager.swift */,
				1837A71C2D41765F005B1785 /* ImageCacheManager.swift */,
				18361F8E2D33F78D000236B1 /* LanguageManager.swift */,
				18361F902D33F79F000236B1 /* DarkModeManager.swift */,
				180721462D44141D00B79B6A /* LikeStatusMonitor.swift */,
				180721482D44144400B79B6A /* LikedEventsManager.swift */,
			);
			path = Managers;
			sourceTree = "<group>";
		};
		18361F8A2D33F73E000236B1 /* Utilities */ = {
			isa = PBXGroup;
			children = (
				188FFCE32D4277650074A23B /* ButtonModifier.swift */,
				188FFCE12D4277180074A23B /* TextUIModifier.swift */,
				188FFCDD2D4270090074A23B /* Utilities.swift */,
				1837A7472D417D7F005B1785 /* SmallButtonView.swift */,
				1837A7452D417D50005B1785 /* FontExtension.swift */,
				18361FAA2D33F918000236B1 /* ColorExtension.swift */,
				188FFC922D426EA90074A23B /* ToastView.swift */,
			);
			path = Utilities;
			sourceTree = "<group>";
		};
		18361F8B2D33F748000236B1 /* Resources */ = {
			isa = PBXGroup;
			children = (
				18361F7D2D33F70B000236B1 /* Assets.xcassets */,
				18361F802D33F70B000236B1 /* LaunchScreen.storyboard */,
				18361FAE2D33FAD0000236B1 /* Localizable.strings */,
				1837A7422D417BF9005B1785 /* mockEvents.json */,
				1837A74B2D418047005B1785 /* Font */,
			);
			path = Resources;
			sourceTree = "<group>";
		};
		18361F8C2D33F753000236B1 /* Models */ = {
			isa = PBXGroup;
			children = (
				188FFC812D426CFF0074A23B /* UserModel.swift */,
				188FFC7F2D426CC30074A23B /* AuthDataResultModel.swift */,
				18361FA82D33F8EE000236B1 /* EventType.swift */,
			);
			path = Models;
			sourceTree = "<group>";
		};
		18361F8D2D33F75D000236B1 /* Root */ = {
			isa = PBXGroup;
			children = (
				188FFC6D2D4260D00074A23B /* Authentication */,
				18361F952D33F7CD000236B1 /* Home */,
				18361F942D33F7C6000236B1 /* Search */,
				181C12E52D48E9C0009D27F2 /* MapPage */,
				18361F932D33F7BF000236B1 /* Like */,
				18361F922D33F7AF000236B1 /* Profile */,
				1837A7222D4176C4005B1785 /* DetailsPage */,
			);
			path = Root;
			sourceTree = "<group>";
		};
		18361F922D33F7AF000236B1 /* Profile */ = {
			isa = PBXGroup;
			children = (
				1837A7542D4186EA005B1785 /* Components */,
				18361FA22D33F897000236B1 /* ProfileView.swift */,
				18361FA42D33F8A9000236B1 /* ProfileViewModel.swift */,
			);
			path = Profile;
			sourceTree = "<group>";
		};
		18361F932D33F7BF000236B1 /* Like */ = {
			isa = PBXGroup;
			children = (
				1807214E2D44167000B79B6A /* Components */,
				1807214C2D4415EC00B79B6A /* LikesPageView.swift */,
				18FA2ED52D4A469900522C5F /* ViewModelComponents */,
				1807214A2D4415DD00B79B6A /* LikesViewModel.swift */,
			);
			path = Like;
			sourceTree = "<group>";
		};
		18361F942D33F7C6000236B1 /* Search */ = {
			isa = PBXGroup;
			children = (
				1837A7382D41776A005B1785 /* Components */,
				18361F9A2D33F82D000236B1 /* SearchView.swift */,
				18596D822D4D170B00D37FD1 /* ViewModelComponents */,
				1837A7402D417791005B1785 /* SearcPageViewModel.swift */,
			);
			path = Search;
			sourceTree = "<group>";
		};
		18361F952D33F7CD000236B1 /* Home */ = {
			isa = PBXGroup;
			children = (
				185820662D46347900F1DF27 /* NetworkError */,
				1837A72C2D41772A005B1785 /* Cell */,
				18361F962D33F800000236B1 /* HomePageViewController.swift */,
				18361F982D33F80C000236B1 /* HomePageViewModel.swift */,
			);
			path = Home;
			sourceTree = "<group>";
		};
		1837A7222D4176C4005B1785 /* DetailsPage */ = {
			isa = PBXGroup;
			children = (
				185820692D4643D700F1DF27 /* Orders */,
				1837A7252D4176E7005B1785 /* Components */,
				1837A7232D4176DA005B1785 /* EventDetailsView.swift */,
				18FA2EDB2D4A484100522C5F /* ViewModelComponents */,
				1858207A2D467EDD00F1DF27 /* EventDetailsViewModel.swift */,
			);
			path = DetailsPage;
			sourceTree = "<group>";
		};
		1837A7252D4176E7005B1785 /* Components */ = {
			isa = PBXGroup;
			children = (
				1837A7282D417707005B1785 /* FlowLayout.swift */,
				1837A7262D4176F7005B1785 /* InfoCard.swift */,
			);
			path = Components;
			sourceTree = "<group>";
		};
		1837A72C2D41772A005B1785 /* Cell */ = {
			isa = PBXGroup;
			children = (
				1837A72A2D41772A005B1785 /* CollectionViewCell.swift */,
				1837A72B2D41772A005B1785 /* TableViewCell.swift */,
			);
			path = Cell;
			sourceTree = "<group>";
		};
		1837A7312D41776A005B1785 /* CartBigViewComponents */ = {
			isa = PBXGroup;
			children = (
				1837A72F2D41776A005B1785 /* DetailRow.swift */,
				1837A7302D41776A005B1785 /* PriceDisplayView.swift */,
			);
			path = CartBigViewComponents;
			sourceTree = "<group>";
		};
		1837A7342D41776A005B1785 /* CartSmalViewComponents */ = {
			isa = PBXGroup;
			children = (
				1837A7322D41776A005B1785 /* CompactDetailRow.swift */,
				1837A7332D41776A005B1785 /* CompactPriceRow.swift */,
			);
			path = CartSmalViewComponents;
			sourceTree = "<group>";
		};
		1837A7382D41776A005B1785 /* Components */ = {
			isa = PBXGroup;
			children = (
				189121132D48283F002D41BB /* Cart */,
				1837A7372D41776A005B1785 /* FilterSheetView.swift */,
			);
			path = Components;
			sourceTree = "<group>";
		};
		1837A74B2D418047005B1785 /* Font */ = {
			isa = PBXGroup;
			children = (
				1837A7522D4181AC005B1785 /* SourGummy.ttf */,
				1837A7502D418089005B1785 /* SourGummy-Light.ttf */,
				1837A74E2D418063005B1785 /* SourGummy-ThinItalic.ttf */,
				1837A74C2D41804F005B1785 /* SourGummy-Bold.ttf */,
			);
			path = Font;
			sourceTree = "<group>";
		};
		1837A7542D4186EA005B1785 /* Components */ = {
			isa = PBXGroup;
			children = (
				185820722D465EB000F1DF27 /* Tikets */,
				188FFCF02D42B2990074A23B /* EditProfile */,
				1837A75B2D418733005B1785 /* ContactUsViewControllerRepresentable.swift */,
				1837A7592D418715005B1785 /* TermsAndConditionsViewController.swift */,
				1837A7572D4186FF005B1785 /* PrivacyPolicyViewController.swift */,
				1837A7552D4186F1005B1785 /* ContactUsViewController.swift */,
			);
			path = Components;
			sourceTree = "<group>";
		};
		185820662D46347900F1DF27 /* NetworkError */ = {
			isa = PBXGroup;
			children = (
				185820642D46342100F1DF27 /* MainViewController.swift */,
				185820622D46340700F1DF27 /* HomePageNetworkErrorViewController.swift */,
			);
			path = NetworkError;
			sourceTree = "<group>";
		};
		185820692D4643D700F1DF27 /* Orders */ = {
			isa = PBXGroup;
			children = (
				1858206E2D46527300F1DF27 /* QRCodeViewModel.swift */,
				1858206C2D464E2100F1DF27 /* QRCodeView.swift */,
			);
			path = Orders;
			sourceTree = "<group>";
		};
		185820722D465EB000F1DF27 /* Tikets */ = {
			isa = PBXGroup;
			children = (
				185820732D465EBC00F1DF27 /* Cell */,
				185820782D4660F100F1DF27 /* TicketsViewModel.swift */,
				185820702D465E9600F1DF27 /* TicketsViewController.swift */,
				185820762D465FD000F1DF27 /* TicketsViewControllerRepresentable.swift */,
			);
			path = Tikets;
			sourceTree = "<group>";
		};
		185820732D465EBC00F1DF27 /* Cell */ = {
			isa = PBXGroup;
			children = (
				185820742D465ED300F1DF27 /* TicketCell.swift */,
			);
			path = Cell;
			sourceTree = "<group>";
		};
		18596D822D4D170B00D37FD1 /* ViewModelComponents */ = {
			isa = PBXGroup;
			children = (
				18596D832D4D171A00D37FD1 /* SearchPageLocalFilters.swift */,
			);
			path = ViewModelComponents;
			sourceTree = "<group>";
		};
		188FFC6D2D4260D00074A23B /* Authentication */ = {
			isa = PBXGroup;
			children = (
				188FFC8F2D426E900074A23B /* Components */,
				188FFC8A2D426E210074A23B /* SignUp */,
				188FFC852D426DDE0074A23B /* LoginView */,
			);
			path = Authentication;
			sourceTree = "<group>";
		};
		188FFC852D426DDE0074A23B /* LoginView */ = {
			isa = PBXGroup;
			children = (
				188FFC882D426DF30074A23B /* LoginViewModel.swift */,
				188FFC862D426DE40074A23B /* LoginView.swift */,
			);
			path = LoginView;
			sourceTree = "<group>";
		};
		188FFC8A2D426E210074A23B /* SignUp */ = {
			isa = PBXGroup;
			children = (
				188FFC8D2D426E460074A23B /* SignupViewModel.swift */,
				188FFC8B2D426E270074A23B /* SignupView.swift */,
			);
			path = SignUp;
			sourceTree = "<group>";
		};
		188FFC8F2D426E900074A23B /* Components */ = {
			isa = PBXGroup;
			children = (
				188FFC902D426E9B0074A23B /* InputView.swift */,
			);
			path = Components;
			sourceTree = "<group>";
		};
		188FFCF02D42B2990074A23B /* EditProfile */ = {
			isa = PBXGroup;
			children = (
				189959A72D4AF58E00A8FE1A /* ImagePicker.swift */,
				188FFCF12D42B2B40074A23B /* EditProfileViewModel.swift */,
				1837A75D2D418B10005B1785 /* EditProfileView.swift */,
			);
			path = EditProfile;
			sourceTree = "<group>";
		};
		189121132D48283F002D41BB /* Cart */ = {
			isa = PBXGroup;
			children = (
				1837A7352D41776A005B1785 /* CartBigView.swift */,
				1837A7362D41776A005B1785 /* CartSmallView.swift */,
				189121112D482836002D41BB /* CartViewModel.swift */,
				1837A7312D41776A005B1785 /* CartBigViewComponents */,
				1837A7342D41776A005B1785 /* CartSmalViewComponents */,
			);
			path = Cart;
			sourceTree = "<group>";
		};
		18FA2ED52D4A469900522C5F /* ViewModelComponents */ = {
			isa = PBXGroup;
			children = (
				18FA2ED42D4A469900522C5F /* FirebaseEventsRepository.swift */,
			);
			path = ViewModelComponents;
			sourceTree = "<group>";
		};
		18FA2EDB2D4A484100522C5F /* ViewModelComponents */ = {
			isa = PBXGroup;
			children = (
				18FA2ED92D4A484100522C5F /* EventFormatter.swift */,
				18FA2EDA2D4A484100522C5F /* ImageLoadable.swift */,
			);
			path = ViewModelComponents;
			sourceTree = "<group>";
		};
/* End PBXGroup section */

/* Begin PBXNativeTarget section */
		18361F632D33F6D8000236B1 /* FinalProject */ = {
			isa = PBXNativeTarget;
			buildConfigurationList = 18361F772D33F6DB000236B1 /* Build configuration list for PBXNativeTarget "FinalProject" */;
			buildPhases = (
				18361F602D33F6D8000236B1 /* Sources */,
				18361F612D33F6D8000236B1 /* Frameworks */,
				18361F622D33F6D8000236B1 /* Resources */,
			);
			buildRules = (
			);
			dependencies = (
			);
			name = FinalProject;
			packageProductDependencies = (
				188FFC712D4261A80074A23B /* FirebaseAuth */,
				188FFC732D4261A80074A23B /* FirebaseCore */,
				188FFC752D4261A80074A23B /* FirebaseDatabase */,
				188FFC772D4261A80074A23B /* FirebaseFirestore */,
				188FFC792D4261A80074A23B /* FirebaseFirestoreCombine-Community */,
				188FFC7B2D4261A80074A23B /* FirebaseStorage */,
				188FFC7D2D4261A80074A23B /* FirebaseStorageCombine-Community */,
				188FFCE82D428E970074A23B /* GoogleSignIn */,
				188FFCEA2D428E970074A23B /* GoogleSignInSwift */,
			);
			productName = FinalProject;
			productReference = 1837A7632D41A276005B1785 /* FinalProject.app */;
			productType = "com.apple.product-type.application";
		};
		18FA2F4B2D4A714800522C5F /* FinalProjectXCTests */ = {
			isa = PBXNativeTarget;
			buildConfigurationList = 18FA2F542D4A714800522C5F /* Build configuration list for PBXNativeTarget "FinalProjectXCTests" */;
			buildPhases = (
				18FA2F482D4A714800522C5F /* Sources */,
				18FA2F492D4A714800522C5F /* Frameworks */,
				18FA2F4A2D4A714800522C5F /* Resources */,
			);
			buildRules = (
			);
			dependencies = (
				18FA2F512D4A714800522C5F /* PBXTargetDependency */,
			);
			fileSystemSynchronizedGroups = (
				18FA2F4D2D4A714800522C5F /* FinalProjectXCTests */,
			);
			name = FinalProjectXCTests;
			packageProductDependencies = (
			);
			productName = FinalProjectXCTests;
			productReference = 18FA2F4C2D4A714800522C5F /* FinalProjectXCTests.xctest */;
			productType = "com.apple.product-type.bundle.unit-test";
		};
		18FA2F752D4A864800522C5F /* FinalProjectUITests */ = {
			isa = PBXNativeTarget;
			buildConfigurationList = 18FA2F7E2D4A864800522C5F /* Build configuration list for PBXNativeTarget "FinalProjectUITests" */;
			buildPhases = (
				18FA2F722D4A864800522C5F /* Sources */,
				18FA2F732D4A864800522C5F /* Frameworks */,
				18FA2F742D4A864800522C5F /* Resources */,
			);
			buildRules = (
			);
			dependencies = (
				18FA2F7D2D4A864800522C5F /* PBXTargetDependency */,
			);
			name = FinalProjectUITests;
			packageProductDependencies = (
			);
			productName = FinalProjectUITests;
			productReference = 18596D6E2D4D0D3100D37FD1 /* FinalProjectUITests.xctest */;
			productType = "com.apple.product-type.bundle.ui-testing";
		};
/* End PBXNativeTarget section */

/* Begin PBXProject section */
		18361F5C2D33F6D8000236B1 /* Project object */ = {
			isa = PBXProject;
			attributes = {
				BuildIndependentTargetsInParallel = 1;
				LastSwiftUpdateCheck = 1600;
				LastUpgradeCheck = 1600;
				TargetAttributes = {
					18361F632D33F6D8000236B1 = {
						CreatedOnToolsVersion = 16.0;
					};
					18FA2F4B2D4A714800522C5F = {
						CreatedOnToolsVersion = 16.0;
						TestTargetID = 18361F632D33F6D8000236B1;
					};
					18FA2F752D4A864800522C5F = {
						CreatedOnToolsVersion = 16.0;
						TestTargetID = 18361F632D33F6D8000236B1;
					};
				};
			};
			buildConfigurationList = 18361F5F2D33F6D8000236B1 /* Build configuration list for PBXProject "FinalProject" */;
			developmentRegion = en;
			hasScannedForEncodings = 0;
			knownRegions = (
				en,
				Base,
				ka,
				uk,
				de,
				"zh-HK",
			);
			mainGroup = 18361F5B2D33F6D8000236B1;
			minimizedProjectReferenceProxies = 1;
			packageReferences = (
				188FFC702D4261A80074A23B /* XCRemoteSwiftPackageReference "firebase-ios-sdk" */,
				188FFCE72D428E970074A23B /* XCRemoteSwiftPackageReference "GoogleSignIn-iOS" */,
			);
			preferredProjectObjectVersion = 77;
			productRefGroup = 18361F5B2D33F6D8000236B1;
			projectDirPath = "";
			projectRoot = "";
			targets = (
				18361F632D33F6D8000236B1 /* FinalProject */,
				18FA2F4B2D4A714800522C5F /* FinalProjectXCTests */,
				18FA2F752D4A864800522C5F /* FinalProjectUITests */,
			);
		};
/* End PBXProject section */

/* Begin PBXResourcesBuildPhase section */
		18361F622D33F6D8000236B1 /* Resources */ = {
			isa = PBXResourcesBuildPhase;
			buildActionMask = 2147483647;
			files = (
				188FFCEF2D42A2360074A23B /* GoogleService-Info.plist in Resources */,
				18361F852D33F70B000236B1 /* Assets.xcassets in Resources */,
				1837A7532D4181AD005B1785 /* SourGummy.ttf in Resources */,
				18361FB02D33FAD0000236B1 /* Localizable.strings in Resources */,
				18361F872D33F70B000236B1 /* LaunchScreen.storyboard in Resources */,
				1837A74D2D41804F005B1785 /* SourGummy-Bold.ttf in Resources */,
				1837A7512D418089005B1785 /* SourGummy-Light.ttf in Resources */,
				1837A74F2D418063005B1785 /* SourGummy-ThinItalic.ttf in Resources */,
				1837A7442D417BF9005B1785 /* mockEvents.json in Resources */,
			);
			runOnlyForDeploymentPostprocessing = 0;
		};
		18FA2F4A2D4A714800522C5F /* Resources */ = {
			isa = PBXResourcesBuildPhase;
			buildActionMask = 2147483647;
			files = (
			);
			runOnlyForDeploymentPostprocessing = 0;
		};
		18FA2F742D4A864800522C5F /* Resources */ = {
			isa = PBXResourcesBuildPhase;
			buildActionMask = 2147483647;
			files = (
			);
			runOnlyForDeploymentPostprocessing = 0;
		};
/* End PBXResourcesBuildPhase section */

/* Begin PBXSourcesBuildPhase section */
		18361F602D33F6D8000236B1 /* Sources */ = {
			isa = PBXSourcesBuildPhase;
			buildActionMask = 2147483647;
			files = (
				18FA2ED82D4A46E900522C5F /* NetworkMonitor.swift in Sources */,
				18361FA92D33F8EE000236B1 /* EventType.swift in Sources */,
				1837A72D2D41772A005B1785 /* TableViewCell.swift in Sources */,
				185820682D4643AF00F1DF27 /* QRCodeManager.swift in Sources */,
				1837A7562D4186F1005B1785 /* ContactUsViewController.swift in Sources */,
				188FFC6F2D4261370074A23B /* AuthenticationManager.swift in Sources */,
				185820632D46340700F1DF27 /* HomePageNetworkErrorViewController.swift in Sources */,
				1837A72E2D41772A005B1785 /* CollectionViewCell.swift in Sources */,
				1807214D2D4415EC00B79B6A /* LikesPageView.swift in Sources */,
				18361FAD2D33F9E2000236B1 /* TabBarController.swift in Sources */,
				188FFCE42D4277650074A23B /* ButtonModifier.swift in Sources */,
				1837A71D2D41765F005B1785 /* ImageCacheManager.swift in Sources */,
				181C12E92D48F65A009D27F2 /* MapViewModel.swift in Sources */,
				180721492D44144400B79B6A /* LikedEventsManager.swift in Sources */,
				185820792D4660F100F1DF27 /* TicketsViewModel.swift in Sources */,
				188FFC822D426CFF0074A23B /* UserModel.swift in Sources */,
				185820652D46342100F1DF27 /* MainViewController.swift in Sources */,
				188FFC872D426DE40074A23B /* LoginView.swift in Sources */,
				188FFC8C2D426E270074A23B /* SignupView.swift in Sources */,
				1837A7462D417D50005B1785 /* FontExtension.swift in Sources */,
				180721522D4416B400B79B6A /* LikedEventCard.swift in Sources */,
				18361F8F2D33F78D000236B1 /* LanguageManager.swift in Sources */,
				18361F832D33F70B000236B1 /* AppDelegate.swift in Sources */,
				18361F992D33F80C000236B1 /* HomePageViewModel.swift in Sources */,
				1837A7242D4176DA005B1785 /* EventDetailsView.swift in Sources */,
				1858207F2D4797F100F1DF27 /* LikedEventCardViewModel.swift in Sources */,
				188FFC952D426F060074A23B /* UserManager.swift in Sources */,
				188FFC932D426EA90074A23B /* ToastView.swift in Sources */,
				18361F9B2D33F82D000236B1 /* SearchView.swift in Sources */,
				188FFC802D426CC30074A23B /* AuthDataResultModel.swift in Sources */,
				18361F912D33F79F000236B1 /* DarkModeManager.swift in Sources */,
				1837A7582D4186FF005B1785 /* PrivacyPolicyViewController.swift in Sources */,
				1837A7292D417707005B1785 /* FlowLayout.swift in Sources */,
				188FFCE22D4277180074A23B /* TextUIModifier.swift in Sources */,
				1858207B2D467EDD00F1DF27 /* EventDetailsViewModel.swift in Sources */,
				18361FA52D33F8A9000236B1 /* ProfileViewModel.swift in Sources */,
				18361FAB2D33F919000236B1 /* ColorExtension.swift in Sources */,
				1807214B2D4415DD00B79B6A /* LikesViewModel.swift in Sources */,
				188FFC912D426E9B0074A23B /* InputView.swift in Sources */,
				1837A75A2D418715005B1785 /* TermsAndConditionsViewController.swift in Sources */,
				180721472D44141D00B79B6A /* LikeStatusMonitor.swift in Sources */,
				185820812D47981900F1DF27 /* PriceView.swift in Sources */,
				189121122D482836002D41BB /* CartViewModel.swift in Sources */,
				185820772D465FD000F1DF27 /* TicketsViewControllerRepresentable.swift in Sources */,
				1837A71F2D417688005B1785 /* DateFormatterManager.swift in Sources */,
				18596D842D4D171A00D37FD1 /* SearchPageLocalFilters.swift in Sources */,
				189959A82D4AF58E00A8FE1A /* ImagePicker.swift in Sources */,
				1837A75E2D418B10005B1785 /* EditProfileView.swift in Sources */,
				188FFC892D426DF30074A23B /* LoginViewModel.swift in Sources */,
				18361F972D33F800000236B1 /* HomePageViewController.swift in Sources */,
				18FA2ED62D4A469900522C5F /* FirebaseEventsRepository.swift in Sources */,
				188FFC8E2D426E460074A23B /* SignupViewModel.swift in Sources */,
				18361FA32D33F897000236B1 /* ProfileView.swift in Sources */,
				188FFCE02D4272BC0074A23B /* UserDefaultsManager.swift in Sources */,
				1837A7392D41776A005B1785 /* FilterSheetView.swift in Sources */,
				185820752D465ED300F1DF27 /* TicketCell.swift in Sources */,
				180721502D44168F00B79B6A /* EmptyStateView.swift in Sources */,
				1837A7412D417791005B1785 /* SearcPageViewModel.swift in Sources */,
				188FFCF22D42B2B40074A23B /* EditProfileViewModel.swift in Sources */,
				1837A75C2D418733005B1785 /* ContactUsViewControllerRepresentable.swift in Sources */,
				181C12EB2D48F673009D27F2 /* EventAnnotation.swift in Sources */,
				181C12E72D48E9C7009D27F2 /* MapViewController.swift in Sources */,
				1837A73A2D41776A005B1785 /* CompactPriceRow.swift in Sources */,
				1837A73B2D41776A005B1785 /* CartSmallView.swift in Sources */,
				1837A73C2D41776A005B1785 /* CompactDetailRow.swift in Sources */,
				1837A7482D417D7F005B1785 /* SmallButtonView.swift in Sources */,
				1837A73D2D41776A005B1785 /* DetailRow.swift in Sources */,
				1858206D2D464E2100F1DF27 /* QRCodeView.swift in Sources */,
				188FFCDE2D4270090074A23B /* Utilities.swift in Sources */,
				1837A73E2D41776A005B1785 /* PriceDisplayView.swift in Sources */,
				1837A73F2D41776A005B1785 /* CartBigView.swift in Sources */,
				1837A7272D4176F7005B1785 /* InfoCard.swift in Sources */,
				18FA2EDC2D4A484100522C5F /* ImageLoadable.swift in Sources */,
				18FA2EDD2D4A484100522C5F /* EventFormatter.swift in Sources */,
				18361F842D33F70B000236B1 /* SceneDelegate.swift in Sources */,
				1858206F2D46527300F1DF27 /* QRCodeViewModel.swift in Sources */,
				185820712D465E9600F1DF27 /* TicketsViewController.swift in Sources */,
			);
			runOnlyForDeploymentPostprocessing = 0;
		};
		18FA2F482D4A714800522C5F /* Sources */ = {
			isa = PBXSourcesBuildPhase;
			buildActionMask = 2147483647;
			files = (
			);
			runOnlyForDeploymentPostprocessing = 0;
		};
		18FA2F722D4A864800522C5F /* Sources */ = {
			isa = PBXSourcesBuildPhase;
			buildActionMask = 2147483647;
			files = (
			);
			runOnlyForDeploymentPostprocessing = 0;
		};
/* End PBXSourcesBuildPhase section */

/* Begin PBXTargetDependency section */
		18FA2F512D4A714800522C5F /* PBXTargetDependency */ = {
			isa = PBXTargetDependency;
			target = 18361F632D33F6D8000236B1 /* FinalProject */;
			targetProxy = 18FA2F502D4A714800522C5F /* PBXContainerItemProxy */;
		};
		18FA2F7D2D4A864800522C5F /* PBXTargetDependency */ = {
			isa = PBXTargetDependency;
			target = 18361F632D33F6D8000236B1 /* FinalProject */;
			targetProxy = 18FA2F7C2D4A864800522C5F /* PBXContainerItemProxy */;
		};
/* End PBXTargetDependency section */

/* Begin PBXVariantGroup section */
		18361F802D33F70B000236B1 /* LaunchScreen.storyboard */ = {
			isa = PBXVariantGroup;
			children = (
				18361F7F2D33F70B000236B1 /* Base */,
				18361FB12D33FAF7000236B1 /* ka */,
			);
			name = LaunchScreen.storyboard;
			sourceTree = "<group>";
		};
		18361FAE2D33FAD0000236B1 /* Localizable.strings */ = {
			isa = PBXVariantGroup;
			children = (
				18361FAF2D33FAD0000236B1 /* en */,
				18361FB22D33FAF7000236B1 /* ka */,
				189959EE2D4BA49B00A8FE1A /* uk */,
				189959EF2D4BA5B400A8FE1A /* de */,
				189959F02D4BA60100A8FE1A /* zh-HK */,
			);
			name = Localizable.strings;
			sourceTree = "<group>";
		};
		1837A7422D417BF9005B1785 /* mockEvents.json */ = {
			isa = PBXVariantGroup;
			children = (
				1837A7432D417BF9005B1785 /* en */,
			);
			name = mockEvents.json;
			sourceTree = "<group>";
		};
/* End PBXVariantGroup section */

/* Begin XCBuildConfiguration section */
		18361F782D33F6DB000236B1 /* Debug */ = {
			isa = XCBuildConfiguration;
			buildSettings = {
				ASSETCATALOG_COMPILER_APPICON_NAME = AppIcon;
				ASSETCATALOG_COMPILER_GLOBAL_ACCENT_COLOR_NAME = AccentColor;
				CODE_SIGN_STYLE = Automatic;
				CURRENT_PROJECT_VERSION = 1;
				DEVELOPMENT_TEAM = QCGLP7ZKSQ;
				GENERATE_INFOPLIST_FILE = YES;
				INFOPLIST_FILE = FinalProject/Info.plist;
				INFOPLIST_KEY_UIApplicationSupportsIndirectInputEvents = YES;
				INFOPLIST_KEY_UILaunchStoryboardName = LaunchScreen;
				INFOPLIST_KEY_UISupportedInterfaceOrientations_iPad = "UIInterfaceOrientationPortrait UIInterfaceOrientationPortraitUpsideDown UIInterfaceOrientationLandscapeLeft UIInterfaceOrientationLandscapeRight";
				INFOPLIST_KEY_UISupportedInterfaceOrientations_iPhone = "UIInterfaceOrientationPortrait UIInterfaceOrientationLandscapeLeft UIInterfaceOrientationLandscapeRight";
				IPHONEOS_DEPLOYMENT_TARGET = 17.0;
				LD_RUNPATH_SEARCH_PATHS = (
					"$(inherited)",
					"@executable_path/Frameworks",
				);
				MARKETING_VERSION = 1.0;
				PRODUCT_BUNDLE_IDENTIFIER = com.tbcacademy.FinalProject;
				PRODUCT_NAME = "$(TARGET_NAME)";
				SWIFT_EMIT_LOC_STRINGS = YES;
				SWIFT_VERSION = 5.0;
				TARGETED_DEVICE_FAMILY = "1,2";
			};
			name = Debug;
		};
		18361F792D33F6DB000236B1 /* Release */ = {
			isa = XCBuildConfiguration;
			buildSettings = {
				ASSETCATALOG_COMPILER_APPICON_NAME = AppIcon;
				ASSETCATALOG_COMPILER_GLOBAL_ACCENT_COLOR_NAME = AccentColor;
				CODE_SIGN_STYLE = Automatic;
				CURRENT_PROJECT_VERSION = 1;
				DEVELOPMENT_TEAM = QCGLP7ZKSQ;
				GENERATE_INFOPLIST_FILE = YES;
				INFOPLIST_FILE = FinalProject/Info.plist;
				INFOPLIST_KEY_UIApplicationSupportsIndirectInputEvents = YES;
				INFOPLIST_KEY_UILaunchStoryboardName = LaunchScreen;
				INFOPLIST_KEY_UISupportedInterfaceOrientations_iPad = "UIInterfaceOrientationPortrait UIInterfaceOrientationPortraitUpsideDown UIInterfaceOrientationLandscapeLeft UIInterfaceOrientationLandscapeRight";
				INFOPLIST_KEY_UISupportedInterfaceOrientations_iPhone = "UIInterfaceOrientationPortrait UIInterfaceOrientationLandscapeLeft UIInterfaceOrientationLandscapeRight";
				IPHONEOS_DEPLOYMENT_TARGET = 17.0;
				LD_RUNPATH_SEARCH_PATHS = (
					"$(inherited)",
					"@executable_path/Frameworks",
				);
				MARKETING_VERSION = 1.0;
				PRODUCT_BUNDLE_IDENTIFIER = com.tbcacademy.FinalProject;
				PRODUCT_NAME = "$(TARGET_NAME)";
				SWIFT_EMIT_LOC_STRINGS = YES;
				SWIFT_VERSION = 5.0;
				TARGETED_DEVICE_FAMILY = "1,2";
			};
			name = Release;
		};
		18361F7A2D33F6DB000236B1 /* Debug */ = {
			isa = XCBuildConfiguration;
			buildSettings = {
				ALWAYS_SEARCH_USER_PATHS = NO;
				ASSETCATALOG_COMPILER_GENERATE_SWIFT_ASSET_SYMBOL_EXTENSIONS = YES;
				CLANG_ANALYZER_LOCALIZABILITY_NONLOCALIZED = YES;
				CLANG_ANALYZER_NONNULL = YES;
				CLANG_ANALYZER_NUMBER_OBJECT_CONVERSION = YES_AGGRESSIVE;
				CLANG_CXX_LANGUAGE_STANDARD = "gnu++20";
				CLANG_ENABLE_MODULES = YES;
				CLANG_ENABLE_OBJC_ARC = YES;
				CLANG_ENABLE_OBJC_WEAK = YES;
				CLANG_WARN_BLOCK_CAPTURE_AUTORELEASING = YES;
				CLANG_WARN_BOOL_CONVERSION = YES;
				CLANG_WARN_COMMA = YES;
				CLANG_WARN_CONSTANT_CONVERSION = YES;
				CLANG_WARN_DEPRECATED_OBJC_IMPLEMENTATIONS = YES;
				CLANG_WARN_DIRECT_OBJC_ISA_USAGE = YES_ERROR;
				CLANG_WARN_DOCUMENTATION_COMMENTS = YES;
				CLANG_WARN_EMPTY_BODY = YES;
				CLANG_WARN_ENUM_CONVERSION = YES;
				CLANG_WARN_INFINITE_RECURSION = YES;
				CLANG_WARN_INT_CONVERSION = YES;
				CLANG_WARN_NON_LITERAL_NULL_CONVERSION = YES;
				CLANG_WARN_OBJC_IMPLICIT_RETAIN_SELF = YES;
				CLANG_WARN_OBJC_LITERAL_CONVERSION = YES;
				CLANG_WARN_OBJC_ROOT_CLASS = YES_ERROR;
				CLANG_WARN_QUOTED_INCLUDE_IN_FRAMEWORK_HEADER = YES;
				CLANG_WARN_RANGE_LOOP_ANALYSIS = YES;
				CLANG_WARN_STRICT_PROTOTYPES = YES;
				CLANG_WARN_SUSPICIOUS_MOVE = YES;
				CLANG_WARN_UNGUARDED_AVAILABILITY = YES_AGGRESSIVE;
				CLANG_WARN_UNREACHABLE_CODE = YES;
				CLANG_WARN__DUPLICATE_METHOD_MATCH = YES;
				COPY_PHASE_STRIP = NO;
				DEBUG_INFORMATION_FORMAT = dwarf;
				ENABLE_STRICT_OBJC_MSGSEND = YES;
				ENABLE_TESTABILITY = YES;
				ENABLE_USER_SCRIPT_SANDBOXING = YES;
				GCC_C_LANGUAGE_STANDARD = gnu17;
				GCC_DYNAMIC_NO_PIC = NO;
				GCC_NO_COMMON_BLOCKS = YES;
				GCC_OPTIMIZATION_LEVEL = 0;
				GCC_PREPROCESSOR_DEFINITIONS = (
					"DEBUG=1",
					"$(inherited)",
				);
				GCC_WARN_64_TO_32_BIT_CONVERSION = YES;
				GCC_WARN_ABOUT_RETURN_TYPE = YES_ERROR;
				GCC_WARN_UNDECLARED_SELECTOR = YES;
				GCC_WARN_UNINITIALIZED_AUTOS = YES_AGGRESSIVE;
				GCC_WARN_UNUSED_FUNCTION = YES;
				GCC_WARN_UNUSED_VARIABLE = YES;
				IPHONEOS_DEPLOYMENT_TARGET = 18.0;
				LOCALIZATION_PREFERS_STRING_CATALOGS = YES;
				MTL_ENABLE_DEBUG_INFO = INCLUDE_SOURCE;
				MTL_FAST_MATH = YES;
				ONLY_ACTIVE_ARCH = YES;
				SDKROOT = iphoneos;
				SWIFT_ACTIVE_COMPILATION_CONDITIONS = "DEBUG $(inherited)";
				SWIFT_OPTIMIZATION_LEVEL = "-Onone";
			};
			name = Debug;
		};
		18361F7B2D33F6DB000236B1 /* Release */ = {
			isa = XCBuildConfiguration;
			buildSettings = {
				ALWAYS_SEARCH_USER_PATHS = NO;
				ASSETCATALOG_COMPILER_GENERATE_SWIFT_ASSET_SYMBOL_EXTENSIONS = YES;
				CLANG_ANALYZER_LOCALIZABILITY_NONLOCALIZED = YES;
				CLANG_ANALYZER_NONNULL = YES;
				CLANG_ANALYZER_NUMBER_OBJECT_CONVERSION = YES_AGGRESSIVE;
				CLANG_CXX_LANGUAGE_STANDARD = "gnu++20";
				CLANG_ENABLE_MODULES = YES;
				CLANG_ENABLE_OBJC_ARC = YES;
				CLANG_ENABLE_OBJC_WEAK = YES;
				CLANG_WARN_BLOCK_CAPTURE_AUTORELEASING = YES;
				CLANG_WARN_BOOL_CONVERSION = YES;
				CLANG_WARN_COMMA = YES;
				CLANG_WARN_CONSTANT_CONVERSION = YES;
				CLANG_WARN_DEPRECATED_OBJC_IMPLEMENTATIONS = YES;
				CLANG_WARN_DIRECT_OBJC_ISA_USAGE = YES_ERROR;
				CLANG_WARN_DOCUMENTATION_COMMENTS = YES;
				CLANG_WARN_EMPTY_BODY = YES;
				CLANG_WARN_ENUM_CONVERSION = YES;
				CLANG_WARN_INFINITE_RECURSION = YES;
				CLANG_WARN_INT_CONVERSION = YES;
				CLANG_WARN_NON_LITERAL_NULL_CONVERSION = YES;
				CLANG_WARN_OBJC_IMPLICIT_RETAIN_SELF = YES;
				CLANG_WARN_OBJC_LITERAL_CONVERSION = YES;
				CLANG_WARN_OBJC_ROOT_CLASS = YES_ERROR;
				CLANG_WARN_QUOTED_INCLUDE_IN_FRAMEWORK_HEADER = YES;
				CLANG_WARN_RANGE_LOOP_ANALYSIS = YES;
				CLANG_WARN_STRICT_PROTOTYPES = YES;
				CLANG_WARN_SUSPICIOUS_MOVE = YES;
				CLANG_WARN_UNGUARDED_AVAILABILITY = YES_AGGRESSIVE;
				CLANG_WARN_UNREACHABLE_CODE = YES;
				CLANG_WARN__DUPLICATE_METHOD_MATCH = YES;
				COPY_PHASE_STRIP = NO;
				DEBUG_INFORMATION_FORMAT = "dwarf-with-dsym";
				ENABLE_NS_ASSERTIONS = NO;
				ENABLE_STRICT_OBJC_MSGSEND = YES;
				ENABLE_USER_SCRIPT_SANDBOXING = YES;
				GCC_C_LANGUAGE_STANDARD = gnu17;
				GCC_NO_COMMON_BLOCKS = YES;
				GCC_WARN_64_TO_32_BIT_CONVERSION = YES;
				GCC_WARN_ABOUT_RETURN_TYPE = YES_ERROR;
				GCC_WARN_UNDECLARED_SELECTOR = YES;
				GCC_WARN_UNINITIALIZED_AUTOS = YES_AGGRESSIVE;
				GCC_WARN_UNUSED_FUNCTION = YES;
				GCC_WARN_UNUSED_VARIABLE = YES;
				IPHONEOS_DEPLOYMENT_TARGET = 18.0;
				LOCALIZATION_PREFERS_STRING_CATALOGS = YES;
				MTL_ENABLE_DEBUG_INFO = NO;
				MTL_FAST_MATH = YES;
				SDKROOT = iphoneos;
				SWIFT_COMPILATION_MODE = wholemodule;
				VALIDATE_PRODUCT = YES;
			};
			name = Release;
		};
		18FA2F522D4A714800522C5F /* Debug */ = {
			isa = XCBuildConfiguration;
			buildSettings = {
				BUNDLE_LOADER = "$(TEST_HOST)";
				CODE_SIGN_STYLE = Automatic;
				CURRENT_PROJECT_VERSION = 1;
				DEVELOPMENT_TEAM = QCGLP7ZKSQ;
				GENERATE_INFOPLIST_FILE = YES;
				MARKETING_VERSION = 1.0;
				PRODUCT_BUNDLE_IDENTIFIER = com.tbcacademy.FinalProjectXCTests;
				PRODUCT_NAME = "$(TARGET_NAME)";
				SWIFT_EMIT_LOC_STRINGS = NO;
				SWIFT_VERSION = 5.0;
				TARGETED_DEVICE_FAMILY = "1,2";
				TEST_HOST = "$(BUILT_PRODUCTS_DIR)/FinalProject.app/$(BUNDLE_EXECUTABLE_FOLDER_PATH)/FinalProject";
			};
			name = Debug;
		};
		18FA2F532D4A714800522C5F /* Release */ = {
			isa = XCBuildConfiguration;
			buildSettings = {
				BUNDLE_LOADER = "$(TEST_HOST)";
				CODE_SIGN_STYLE = Automatic;
				CURRENT_PROJECT_VERSION = 1;
				DEVELOPMENT_TEAM = QCGLP7ZKSQ;
				GENERATE_INFOPLIST_FILE = YES;
				MARKETING_VERSION = 1.0;
				PRODUCT_BUNDLE_IDENTIFIER = com.tbcacademy.FinalProjectXCTests;
				PRODUCT_NAME = "$(TARGET_NAME)";
				SWIFT_EMIT_LOC_STRINGS = NO;
				SWIFT_VERSION = 5.0;
				TARGETED_DEVICE_FAMILY = "1,2";
				TEST_HOST = "$(BUILT_PRODUCTS_DIR)/FinalProject.app/$(BUNDLE_EXECUTABLE_FOLDER_PATH)/FinalProject";
			};
			name = Release;
		};
		18FA2F7F2D4A864800522C5F /* Debug */ = {
			isa = XCBuildConfiguration;
			buildSettings = {
				CODE_SIGN_STYLE = Automatic;
				CURRENT_PROJECT_VERSION = 1;
				DEVELOPMENT_TEAM = QCGLP7ZKSQ;
				GENERATE_INFOPLIST_FILE = YES;
				MARKETING_VERSION = 1.0;
				PRODUCT_BUNDLE_IDENTIFIER = com.tbcacademy.FinalProjectUITests;
				PRODUCT_NAME = "$(TARGET_NAME)";
				SWIFT_EMIT_LOC_STRINGS = NO;
				SWIFT_VERSION = 5.0;
				TARGETED_DEVICE_FAMILY = "1,2";
				TEST_TARGET_NAME = FinalProject;
			};
			name = Debug;
		};
		18FA2F802D4A864800522C5F /* Release */ = {
			isa = XCBuildConfiguration;
			buildSettings = {
				CODE_SIGN_STYLE = Automatic;
				CURRENT_PROJECT_VERSION = 1;
				DEVELOPMENT_TEAM = QCGLP7ZKSQ;
				GENERATE_INFOPLIST_FILE = YES;
				MARKETING_VERSION = 1.0;
				PRODUCT_BUNDLE_IDENTIFIER = com.tbcacademy.FinalProjectUITests;
				PRODUCT_NAME = "$(TARGET_NAME)";
				SWIFT_EMIT_LOC_STRINGS = NO;
				SWIFT_VERSION = 5.0;
				TARGETED_DEVICE_FAMILY = "1,2";
				TEST_TARGET_NAME = FinalProject;
			};
			name = Release;
		};
/* End XCBuildConfiguration section */

/* Begin XCConfigurationList section */
		18361F5F2D33F6D8000236B1 /* Build configuration list for PBXProject "FinalProject" */ = {
			isa = XCConfigurationList;
			buildConfigurations = (
				18361F7A2D33F6DB000236B1 /* Debug */,
				18361F7B2D33F6DB000236B1 /* Release */,
			);
			defaultConfigurationIsVisible = 0;
			defaultConfigurationName = Release;
		};
		18361F772D33F6DB000236B1 /* Build configuration list for PBXNativeTarget "FinalProject" */ = {
			isa = XCConfigurationList;
			buildConfigurations = (
				18361F782D33F6DB000236B1 /* Debug */,
				18361F792D33F6DB000236B1 /* Release */,
			);
			defaultConfigurationIsVisible = 0;
			defaultConfigurationName = Release;
		};
		18FA2F542D4A714800522C5F /* Build configuration list for PBXNativeTarget "FinalProjectXCTests" */ = {
			isa = XCConfigurationList;
			buildConfigurations = (
				18FA2F522D4A714800522C5F /* Debug */,
				18FA2F532D4A714800522C5F /* Release */,
			);
			defaultConfigurationIsVisible = 0;
			defaultConfigurationName = Release;
		};
		18FA2F7E2D4A864800522C5F /* Build configuration list for PBXNativeTarget "FinalProjectUITests" */ = {
			isa = XCConfigurationList;
			buildConfigurations = (
				18FA2F7F2D4A864800522C5F /* Debug */,
				18FA2F802D4A864800522C5F /* Release */,
			);
			defaultConfigurationIsVisible = 0;
			defaultConfigurationName = Release;
		};
/* End XCConfigurationList section */

/* Begin XCRemoteSwiftPackageReference section */
		188FFC702D4261A80074A23B /* XCRemoteSwiftPackageReference "firebase-ios-sdk" */ = {
			isa = XCRemoteSwiftPackageReference;
			repositoryURL = "https://github.com/firebase/firebase-ios-sdk";
			requirement = {
				kind = upToNextMajorVersion;
				minimumVersion = 11.7.0;
			};
		};
		188FFCE72D428E970074A23B /* XCRemoteSwiftPackageReference "GoogleSignIn-iOS" */ = {
			isa = XCRemoteSwiftPackageReference;
			repositoryURL = "https://github.com/google/GoogleSignIn-iOS";
			requirement = {
				kind = upToNextMajorVersion;
				minimumVersion = 8.0.0;
			};
		};
/* End XCRemoteSwiftPackageReference section */

/* Begin XCSwiftPackageProductDependency section */
		188FFC712D4261A80074A23B /* FirebaseAuth */ = {
			isa = XCSwiftPackageProductDependency;
			package = 188FFC702D4261A80074A23B /* XCRemoteSwiftPackageReference "firebase-ios-sdk" */;
			productName = FirebaseAuth;
		};
		188FFC732D4261A80074A23B /* FirebaseCore */ = {
			isa = XCSwiftPackageProductDependency;
			package = 188FFC702D4261A80074A23B /* XCRemoteSwiftPackageReference "firebase-ios-sdk" */;
			productName = FirebaseCore;
		};
		188FFC752D4261A80074A23B /* FirebaseDatabase */ = {
			isa = XCSwiftPackageProductDependency;
			package = 188FFC702D4261A80074A23B /* XCRemoteSwiftPackageReference "firebase-ios-sdk" */;
			productName = FirebaseDatabase;
		};
		188FFC772D4261A80074A23B /* FirebaseFirestore */ = {
			isa = XCSwiftPackageProductDependency;
			package = 188FFC702D4261A80074A23B /* XCRemoteSwiftPackageReference "firebase-ios-sdk" */;
			productName = FirebaseFirestore;
		};
		188FFC792D4261A80074A23B /* FirebaseFirestoreCombine-Community */ = {
			isa = XCSwiftPackageProductDependency;
			package = 188FFC702D4261A80074A23B /* XCRemoteSwiftPackageReference "firebase-ios-sdk" */;
			productName = "FirebaseFirestoreCombine-Community";
		};
		188FFC7B2D4261A80074A23B /* FirebaseStorage */ = {
			isa = XCSwiftPackageProductDependency;
			package = 188FFC702D4261A80074A23B /* XCRemoteSwiftPackageReference "firebase-ios-sdk" */;
			productName = FirebaseStorage;
		};
		188FFC7D2D4261A80074A23B /* FirebaseStorageCombine-Community */ = {
			isa = XCSwiftPackageProductDependency;
			package = 188FFC702D4261A80074A23B /* XCRemoteSwiftPackageReference "firebase-ios-sdk" */;
			productName = "FirebaseStorageCombine-Community";
		};
		188FFCE82D428E970074A23B /* GoogleSignIn */ = {
			isa = XCSwiftPackageProductDependency;
			package = 188FFCE72D428E970074A23B /* XCRemoteSwiftPackageReference "GoogleSignIn-iOS" */;
			productName = GoogleSignIn;
		};
		188FFCEA2D428E970074A23B /* GoogleSignInSwift */ = {
			isa = XCSwiftPackageProductDependency;
			package = 188FFCE72D428E970074A23B /* XCRemoteSwiftPackageReference "GoogleSignIn-iOS" */;
			productName = GoogleSignInSwift;
		};
/* End XCSwiftPackageProductDependency section */
	};
	rootObject = 18361F5C2D33F6D8000236B1 /* Project object */;
}
